
Microsoft Visual Studio Solution File, Format Version 11.00
# Visual Studio 2010
Project("{FAE04EC0-301F-11D3-BF4B-00C04F79EFBC}") = "Assembly-CSharp", "Assembly-CSharp.csproj", "{b87a82ec-0e82-c097-54fc-769acfb20c0a}"
EndProject
Project("{FAE04EC0-301F-11D3-BF4B-00C04F79EFBC}") = "Assembly-CSharp-Editor", "Assembly-CSharp-Editor.csproj", "{f79a0dea-4229-97d4-ce85-1cf97b0581a9}"
EndProject
Global
	GlobalSection(SolutionConfigurationPlatforms) = preSolution
		Debug|Any CPU = Debug|Any CPU
	EndGlobalSection
	GlobalSection(ProjectConfigurationPlatforms) = postSolution
		{b87a82ec-0e82-c097-54fc-769acfb20c0a}.Debug|Any CPU.ActiveCfg = Debug|Any CPU
		{b87a82ec-0e82-c097-54fc-769acfb20c0a}.Debug|Any CPU.Build.0 = Debug|Any CPU
		{f79a0dea-4229-97d4-ce85-1cf97b0581a9}.Debug|Any CPU.ActiveCfg = Debug|Any CPU
		{f79a0dea-4229-97d4-ce85-1cf97b0581a9}.Debug|Any CPU.Build.0 = Debug|Any CPU
	EndGlobalSection
	GlobalSection(SolutionProperties) = preSolution
		HideSolutionNode = FALSE
	EndGlobalSection
EndGlobal
